// !$*UTF8*$!
{
	archiveVersion = 1;
	classes = {
	};
	objectVersion = 56;
	objects = {

/* Begin PBXBuildFile section */
		1A62488128EE53DB00AD046A /* PhotosPickerDemoApp.swift in Sources */ = {isa = PBXBuildFile; fileRef = 1A62488028EE53DB00AD046A /* PhotosPickerDemoApp.swift */; };
		1A62488328EE53DB00AD046A /* ContentView.swift in Sources */ = {isa = PBXBuildFile; fileRef = 1A62488228EE53DB00AD046A /* ContentView.swift */; };
		1A62488528EE53DC00AD046A /* Assets.xcassets in Resources */ = {isa = PBXBuildFile; fileRef = 1A62488428EE53DC00AD046A /* Assets.xcassets */; };
		1A62488828EE53DC00AD046A /* Preview Assets.xcassets in Resources */ = {isa = PBXBuildFile; fileRef = 1A62488728EE53DC00AD046A /* Preview Assets.xcassets */; };
		1A62488F28EE544B00AD046A /* SingleImagePicker.swift in Sources */ = {isa = PBXBuildFile; fileRef = 1A62488E28EE544B00AD046A /* SingleImagePicker.swift */; };
		1A62489128EE547A00AD046A /* MultipleImagePicker.swift in Sources */ = {isa = PBXBuildFile; fileRef = 1A62489028EE547A00AD046A /* MultipleImagePicker.swift */; };
		1A62489328EE555C00AD046A /* README.md in Resources */ = {isa = PBXBuildFile; fileRef = 1A62489228EE555C00AD046A /* README.md */; };
		1ACFF76A28EFAC7C0058533A /* ImagePicker.swift in Sources */ = {isa = PBXBuildFile; fileRef = 1ACFF76928EFAC7C0058533A /* ImagePicker.swift */; };
/* End PBXBuildFile section */

/* Begin PBXFileReference section */
		1A62487D28EE53DB00AD046A /* PhotosPickerDemo.app */ = {isa = PBXFileReference; explicitFileType = wrapper.application; includeInIndex = 0; path = PhotosPickerDemo.app; sourceTree = BUILT_PRODUCTS_DIR; };
		1A62488028EE53DB00AD046A /* PhotosPickerDemoApp.swift */ = {isa = PBXFileReference; lastKnownFileType = sourcecode.swift; path = PhotosPickerDemoApp.swift; sourceTree = "<group>"; };
		1A62488228EE53DB00AD046A /* ContentView.swift */ = {isa = PBXFileReference; lastKnownFileType = sourcecode.swift; path = ContentView.swift; sourceTree = "<group>"; };
		1A62488428EE53DC00AD046A /* Assets.xcassets */ = {isa = PBXFileReference; lastKnownFileType = folder.assetcatalog; path = Assets.xcassets; sourceTree = "<group>"; };
		1A62488728EE53DC00AD046A /* Preview Assets.xcassets */ = {isa = PBXFileReference; lastKnownFileType = folder.assetcatalog; path = "Preview Assets.xcassets"; sourceTree = "<group>"; };
		1A62488E28EE544B00AD046A /* SingleImagePicker.swift */ = {isa = PBXFileReference; lastKnownFileType = sourcecode.swift; path = SingleImagePicker.swift; sourceTree = "<group>"; };
		1A62489028EE547A00AD046A /* MultipleImagePicker.swift */ = {isa = PBXFileReference; fileEncoding = 4; lastKnownFileType = sourcecode.swift; path = MultipleImagePicker.swift; sourceTree = "<group>"; };
		1A62489228EE555C00AD046A /* README.md */ = {isa = PBXFileReference; fileEncoding = 4; lastKnownFileType = net.daringfireball.markdown; path = README.md; sourceTree = "<group>"; };
		1ACFF76928EFAC7C0058533A /* ImagePicker.swift */ = {isa = PBXFileReference; lastKnownFileType = sourcecode.swift; path = ImagePicker.swift; sourceTree = "<group>"; };
/* End PBXFileReference section */

/* Begin PBXFrameworksBuildPhase section */
		1A62487A28EE53DB00AD046A /* Frameworks */ = {
			isa = PBXFrameworksBuildPhase;
			buildActionMask = 2147483647;
			files = (
			);
			runOnlyForDeploymentPostprocessing = 0;
		};
/* End PBXFrameworksBuildPhase section */

/* Begin PBXGroup section */
		1A62487428EE53DB00AD046A = {
			isa = PBXGroup;
			children = (
				1A62489228EE555C00AD046A /* README.md */,
				1A62487F28EE53DB00AD046A /* PhotosPickerDemo */,
				1A62487E28EE53DB00AD046A /* Products */,
			);
			sourceTree = "<group>";
		};
		1A62487E28EE53DB00AD046A /* Products */ = {
			isa = PBXGroup;
			children = (
				1A62487D28EE53DB00AD046A /* PhotosPickerDemo.app */,
			);
			name = Products;
			sourceTree = "<group>";
		};
		1A62487F28EE53DB00AD046A /* PhotosPickerDemo */ = {
			isa = PBXGroup;
			children = (
				1A62488028EE53DB00AD046A /* PhotosPickerDemoApp.swift */,
				1A62488428EE53DC00AD046A /* Assets.xcassets */,
				1ACFF76928EFAC7C0058533A /* ImagePicker.swift */,
				1ACFF76B28EFACAC0058533A /* Views */,
				1A62488628EE53DC00AD046A /* Preview Content */,
			);
			path = PhotosPickerDemo;
			sourceTree = "<group>";
		};
		1A62488628EE53DC00AD046A /* Preview Content */ = {
			isa = PBXGroup;
			children = (
				1A62488728EE53DC00AD046A /* Preview Assets.xcassets */,
			);
			path = "Preview Content";
			sourceTree = "<group>";
		};
		1ACFF76B28EFACAC0058533A /* Views */ = {
			isa = PBXGroup;
			children = (
				1A62488228EE53DB00AD046A /* ContentView.swift */,
				1A62488E28EE544B00AD046A /* SingleImagePicker.swift */,
				1A62489028EE547A00AD046A /* MultipleImagePicker.swift */,
			);
			path = Views;
			sourceTree = "<group>";
		};
/* End PBXGroup section */

/* Begin PBXNativeTarget section */
		1A62487C28EE53DB00AD046A /* PhotosPickerDemo */ = {
			isa = PBXNativeTarget;
			buildConfigurationList = 1A62488B28EE53DC00AD046A /* Build configuration list for PBXNativeTarget "PhotosPickerDemo" */;
			buildPhases = (
				1A62487928EE53DB00AD046A /* Sources */,
				1A62487A28EE53DB00AD046A /* Frameworks */,
				1A62487B28EE53DB00AD046A /* Resources */,
			);
			buildRules = (
			);
			dependencies = (
			);
			name = PhotosPickerDemo;
			productName = PhotosPickerDemo;
			productReference = 1A62487D28EE53DB00AD046A /* PhotosPickerDemo.app */;
			productType = "com.apple.product-type.application";
		};
/* End PBXNativeTarget section */

/* Begin PBXProject section */
		1A62487528EE53DB00AD046A /* Project object */ = {
			isa = PBXProject;
			attributes = {
				BuildIndependentTargetsInParallel = 1;
				LastSwiftUpdateCheck = 1400;
				LastUpgradeCheck = 1400;
				TargetAttributes = {
					1A62487C28EE53DB00AD046A = {
						CreatedOnToolsVersion = 14.0.1;
					};
				};
			};
			buildConfigurationList = 1A62487828EE53DB00AD046A /* Build configuration list for PBXProject "PhotosPickerDemo" */;
			compatibilityVersion = "Xcode 14.0";
			developmentRegion = en;
			hasScannedForEncodings = 0;
			knownRegions = (
				en,
				Base,
			);
			mainGroup = 1A62487428EE53DB00AD046A;
			productRefGroup = 1A62487E28EE53DB00AD046A /* Products */;
			projectDirPath = "";
			projectRoot = "";
			targets = (
				1A62487C28EE53DB00AD046A /* PhotosPickerDemo */,
			);
		};
/* End PBXProject section */

/* Begin PBXResourcesBuildPhase section */
		1A62487B28EE53DB00AD046A /* Resources */ = {
			isa = PBXResourcesBuildPhase;
			buildActionMask = 2147483647;
			files = (
				1A62489328EE555C00AD046A /* README.md in Resources */,
				1A62488828EE53DC00AD046A /* Preview Assets.xcassets in Resources */,
				1A62488528EE53DC00AD046A /* Assets.xcassets in Resources */,
			);
			runOnlyForDeploymentPostprocessing = 0;
		};
/* End PBXResourcesBuildPhase section */

/* Begin PBXSourcesBuildPhase section */
		1A62487928EE53DB00AD046A /* Sources */ = {
			isa = PBXSourcesBuildPhase;
			buildActionMask = 2147483647;
			files = (
				1A62488328EE53DB00AD046A /* ContentView.swift in Sources */,
				1A62489128EE547A00AD046A /* MultipleImagePicker.swift in Sources */,
				1ACFF76A28EFAC7C0058533A /* ImagePicker.swift in Sources */,
				1A62488F28EE544B00AD046A /* SingleImagePicker.swift in Sources */,
				1A62488128EE53DB00AD046A /* PhotosPickerDemoApp.swift in Sources */,
			);
			runOnlyForDeploymentPostprocessing = 0;
		};
/* End PBXSourcesBuildPhase section */

/* Begin XCBuildConfiguration section */
		1A62488928EE53DC00AD046A /* Debug */ = {
			isa = XCBuildConfiguration;
			buildSettings = {
				ALWAYS_SEARCH_USER_PATHS = NO;
				CLANG_ANALYZER_NONNULL = YES;
				CLANG_ANALYZER_NUMBER_OBJECT_CONVERSION = YES_AGGRESSIVE;
				CLANG_CXX_LANGUAGE_STANDARD = "gnu++20";
				CLANG_ENABLE_MODULES = YES;
				CLANG_ENABLE_OBJC_ARC = YES;
				CLANG_ENABLE_OBJC_WEAK = YES;
				CLANG_WARN_BLOCK_CAPTURE_AUTORELEASING = YES;
				CLANG_WARN_BOOL_CONVERSION = YES;
				CLANG_WARN_COMMA = YES;
				CLANG_WARN_CONSTANT_CONVERSION = YES;
				CLANG_WARN_DEPRECATED_OBJC_IMPLEMENTATIONS = YES;
				CLANG_WARN_DIRECT_OBJC_ISA_USAGE = YES_ERROR;
				CLANG_WARN_DOCUMENTATION_COMMENTS = YES;
				CLANG_WARN_EMPTY_BODY = YES;
				CLANG_WARN_ENUM_CONVERSION = YES;
				CLANG_WARN_INFINITE_RECURSION = YES;
				CLANG_WARN_INT_CONVERSION = YES;
				CLANG_WARN_NON_LITERAL_NULL_CONVERSION = YES;
				CLANG_WARN_OBJC_IMPLICIT_RETAIN_SELF = YES;
				CLANG_WARN_OBJC_LITERAL_CONVERSION = YES;
				CLANG_WARN_OBJC_ROOT_CLASS = YES_ERROR;
				CLANG_WARN_QUOTED_INCLUDE_IN_FRAMEWORK_HEADER = YES;
				CLANG_WARN_RANGE_LOOP_ANALYSIS = YES;
				CLANG_WARN_STRICT_PROTOTYPES = YES;
				CLANG_WARN_SUSPICIOUS_MOVE = YES;
				CLANG_WARN_UNGUARDED_AVAILABILITY = YES_AGGRESSIVE;
				CLANG_WARN_UNREACHABLE_CODE = YES;
				CLANG_WARN__DUPLICATE_METHOD_MATCH = YES;
				COPY_PHASE_STRIP = NO;
				DEBUG_INFORMATION_FORMAT = dwarf;
				ENABLE_STRICT_OBJC_MSGSEND = YES;
				ENABLE_TESTABILITY = YES;
				GCC_C_LANGUAGE_STANDARD = gnu11;
				GCC_DYNAMIC_NO_PIC = NO;
				GCC_NO_COMMON_BLOCKS = YES;
				GCC_OPTIMIZATION_LEVEL = 0;
				GCC_PREPROCESSOR_DEFINITIONS = (
					"DEBUG=1",
					"$(inherited)",
				);
				GCC_WARN_64_TO_32_BIT_CONVERSION = YES;
				GCC_WARN_ABOUT_RETURN_TYPE = YES_ERROR;
				GCC_WARN_UNDECLARED_SELECTOR = YES;
				GCC_WARN_UNINITIALIZED_AUTOS = YES_AGGRESSIVE;
				GCC_WARN_UNUSED_FUNCTION = YES;
				GCC_WARN_UNUSED_VARIABLE = YES;
				IPHONEOS_DEPLOYMENT_TARGET = 16.0;
				MTL_ENABLE_DEBUG_INFO = INCLUDE_SOURCE;
				MTL_FAST_MATH = YES;
				ONLY_ACTIVE_ARCH = YES;
				SDKROOT = iphoneos;
				SWIFT_ACTIVE_COMPILATION_CONDITIONS = DEBUG;
				SWIFT_OPTIMIZATION_LEVEL = "-Onone";
			};
			name = Debug;
		};
		1A62488A28EE53DC00AD046A /* Release */ = {
			isa = XCBuildConfiguration;
			buildSettings = {
				ALWAYS_SEARCH_USER_PATHS = NO;
				CLANG_ANALYZER_NONNULL = YES;
				CLANG_ANALYZER_NUMBER_OBJECT_CONVERSION = YES_AGGRESSIVE;
				CLANG_CXX_LANGUAGE_STANDARD = "gnu++20";
				CLANG_ENABLE_MODULES = YES;
				CLANG_ENABLE_OBJC_ARC = YES;
				CLANG_ENABLE_OBJC_WEAK = YES;
				CLANG_WARN_BLOCK_CAPTURE_AUTORELEASING = YES;
				CLANG_WARN_BOOL_CONVERSION = YES;
				CLANG_WARN_COMMA = YES;
				CLANG_WARN_CONSTANT_CONVERSION = YES;
				CLANG_WARN_DEPRECATED_OBJC_IMPLEMENTATIONS = YES;
				CLANG_WARN_DIRECT_OBJC_ISA_USAGE = YES_ERROR;
				CLANG_WARN_DOCUMENTATION_COMMENTS = YES;
				CLANG_WARN_EMPTY_BODY = YES;
				CLANG_WARN_ENUM_CONVERSION = YES;
				CLANG_WARN_INFINITE_RECURSION = YES;
				CLANG_WARN_INT_CONVERSION = YES;
				CLANG_WARN_NON_LITERAL_NULL_CONVERSION = YES;
				CLANG_WARN_OBJC_IMPLICIT_RETAIN_SELF = YES;
				CLANG_WARN_OBJC_LITERAL_CONVERSION = YES;
				CLANG_WARN_OBJC_ROOT_CLASS = YES_ERROR;
				CLANG_WARN_QUOTED_INCLUDE_IN_FRAMEWORK_HEADER = YES;
				CLANG_WARN_RANGE_LOOP_ANALYSIS = YES;
				CLANG_WARN_STRICT_PROTOTYPES = YES;
				CLANG_WARN_SUSPICIOUS_MOVE = YES;
				CLANG_WARN_UNGUARDED_AVAILABILITY = YES_AGGRESSIVE;
				CLANG_WARN_UNREACHABLE_CODE = YES;
				CLANG_WARN__DUPLICATE_METHOD_MATCH = YES;
				COPY_PHASE_STRIP = NO;
				DEBUG_INFORMATION_FORMAT = "dwarf-with-dsym";
				ENABLE_NS_ASSERTIONS = NO;
				ENABLE_STRICT_OBJC_MSGSEND = YES;
				GCC_C_LANGUAGE_STANDARD = gnu11;
				GCC_NO_COMMON_BLOCKS = YES;
				GCC_WARN_64_TO_32_BIT_CONVERSION = YES;
				GCC_WARN_ABOUT_RETURN_TYPE = YES_ERROR;
				GCC_WARN_UNDECLARED_SELECTOR = YES;
				GCC_WARN_UNINITIALIZED_AUTOS = YES_AGGRESSIVE;
				GCC_WARN_UNUSED_FUNCTION = YES;
				GCC_WARN_UNUSED_VARIABLE = YES;
				IPHONEOS_DEPLOYMENT_TARGET = 16.0;
				MTL_ENABLE_DEBUG_INFO = NO;
				MTL_FAST_MATH = YES;
				SDKROOT = iphoneos;
				SWIFT_COMPILATION_MODE = wholemodule;
				SWIFT_OPTIMIZATION_LEVEL = "-O";
				VALIDATE_PRODUCT = YES;
			};
			name = Release;
		};
		1A62488C28EE53DC00AD046A /* Debug */ = {
			isa = XCBuildConfiguration;
			buildSettings = {
				ASSETCATALOG_COMPILER_APPICON_NAME = AppIcon;
				ASSETCATALOG_COMPILER_GLOBAL_ACCENT_COLOR_NAME = AccentColor;
				CODE_SIGN_STYLE = Automatic;
				CURRENT_PROJECT_VERSION = 1;
				DEVELOPMENT_ASSET_PATHS = "\"PhotosPickerDemo/Preview Content\"";
				DEVELOPMENT_TEAM = 4BG3523GAZ;
				ENABLE_PREVIEWS = YES;
				GENERATE_INFOPLIST_FILE = YES;
				INFOPLIST_KEY_UIApplicationSceneManifest_Generation = YES;
				INFOPLIST_KEY_UIApplicationSupportsIndirectInputEvents = YES;
				INFOPLIST_KEY_UILaunchScreen_Generation = YES;
				INFOPLIST_KEY_UISupportedInterfaceOrientations_iPad = "UIInterfaceOrientationPortrait UIInterfaceOrientationPortraitUpsideDown UIInterfaceOrientationLandscapeLeft UIInterfaceOrientationLandscapeRight";
				INFOPLIST_KEY_UISupportedInterfaceOrientations_iPhone = "UIInterfaceOrientationPortrait UIInterfaceOrientationLandscapeLeft UIInterfaceOrientationLandscapeRight";
				LD_RUNPATH_SEARCH_PATHS = (
					"$(inherited)",
					"@executable_path/Frameworks",
				);
				MARKETING_VERSION = 1.0;
				PRODUCT_BUNDLE_IDENTIFIER = r.mark.volkmann.gmail.com.PhotosPickerDemo;
				PRODUCT_NAME = "$(TARGET_NAME)";
				SWIFT_EMIT_LOC_STRINGS = YES;
				SWIFT_VERSION = 5.0;
				TARGETED_DEVICE_FAMILY = "1,2";
			};
			name = Debug;
		};
		1A62488D28EE53DC00AD046A /* Release */ = {
			isa = XCBuildConfiguration;
			buildSettings = {
				ASSETCATALOG_COMPILER_APPICON_NAME = AppIcon;
				ASSETCATALOG_COMPILER_GLOBAL_ACCENT_COLOR_NAME = AccentColor;
				CODE_SIGN_STYLE = Automatic;
				CURRENT_PROJECT_VERSION = 1;
				DEVELOPMENT_ASSET_PATHS = "\"PhotosPickerDemo/Preview Content\"";
				DEVELOPMENT_TEAM = 4BG3523GAZ;
				ENABLE_PREVIEWS = YES;
				GENERATE_INFOPLIST_FILE = YES;
				INFOPLIST_KEY_UIApplicationSceneManifest_Generation = YES;
				INFOPLIST_KEY_UIApplicationSupportsIndirectInputEvents = YES;
				INFOPLIST_KEY_UILaunchScreen_Generation = YES;
				INFOPLIST_KEY_UISupportedInterfaceOrientations_iPad = "UIInterfaceOrientationPortrait UIInterfaceOrientationPortraitUpsideDown UIInterfaceOrientationLandscapeLeft UIInterfaceOrientationLandscapeRight";
				INFOPLIST_KEY_UISupportedInterfaceOrientations_iPhone = "UIInterfaceOrientationPortrait UIInterfaceOrientationLandscapeLeft UIInterfaceOrientationLandscapeRight";
				LD_RUNPATH_SEARCH_PATHS = (
					"$(inherited)",
					"@executable_path/Frameworks",
				);
				MARKETING_VERSION = 1.0;
				PRODUCT_BUNDLE_IDENTIFIER = r.mark.volkmann.gmail.com.PhotosPickerDemo;
				PRODUCT_NAME = "$(TARGET_NAME)";
				SWIFT_EMIT_LOC_STRINGS = YES;
				SWIFT_VERSION = 5.0;
				TARGETED_DEVICE_FAMILY = "1,2";
			};
			name = Release;
		};
/* End XCBuildConfiguration section */

/* Begin XCConfigurationList section */
		1A62487828EE53DB00AD046A /* Build configuration list for PBXProject "PhotosPickerDemo" */ = {
			isa = XCConfigurationList;
			buildConfigurations = (
				1A62488928EE53DC00AD046A /* Debug */,
				1A62488A28EE53DC00AD046A /* Release */,
			);
			defaultConfigurationIsVisible = 0;
			defaultConfigurationName = Release;
		};
		1A62488B28EE53DC00AD046A /* Build configuration list for PBXNativeTarget "PhotosPickerDemo" */ = {
			isa = XCConfigurationList;
			buildConfigurations = (
				1A62488C28EE53DC00AD046A /* Debug */,
				1A62488D28EE53DC00AD046A /* Release */,
			);
			defaultConfigurationIsVisible = 0;
			defaultConfigurationName = Release;
		};
/* End XCConfigurationList section */
	};
	rootObject = 1A62487528EE53DB00AD046A /* Project object */;
}
